
Microsoft Visual Studio Solution File, Format Version 12.00
Project("{2150E333-8FDC-42A3-9474-1A3956D46DE8}") = "src", "src", "{00713008-9703-49A6-8B77-A03DFDD6D676}"
EndProject
Project("{2150E333-8FDC-42A3-9474-1A3956D46DE8}") = "Core", "Core", "{3BCEF310-5120-4916-A785-27CF1624D3D9}"
EndProject
Project("{2150E333-8FDC-42A3-9474-1A3956D46DE8}") = "Infrastructure", "Infrastructure", "{72336BD1-E4C5-4401-AB2E-6DDB032E2EF4}"
EndProject
Project("{FAE04EC0-301F-11D3-BF4B-00C04F79EFBC}") = "Domain", "src\Core\Domain\Domain.csproj", "{7EC05442-43E6-4F2F-B880-65CFCAD34364}"
EndProject
Project("{FAE04EC0-301F-11D3-BF4B-00C04F79EFBC}") = "Application", "src\Core\Application\Application.csproj", "{0E04E841-470F-41D8-A72C-61B099942055}"
EndProject
Project("{FAE04EC0-301F-11D3-BF4B-00C04F79EFBC}") = "Infrastructure.EventStore", "src\Infrastructure\Infrastructure.EventStore\Infrastructure.EventStore.csproj", "{9523BA47-ACD7-4451-B3B1-26CFFCD640DC}"
EndProject
Project("{2150E333-8FDC-42A3-9474-1A3956D46DE8}") = "Web", "Web", "{2D7C0D4F-E4C5-4300-9C3E-8CCE930CAD80}"
EndProject
Project("{FAE04EC0-301F-11D3-BF4B-00C04F79EFBC}") = "Infrastructure.EventBus", "src\Infrastructure\Infrastructure.EventBus\Infrastructure.EventBus.csproj", "{737455D6-3D7A-4FFF-8A65-2293F18FDC2D}"
EndProject
Project("{FAE04EC0-301F-11D3-BF4B-00C04F79EFBC}") = "WebAPI", "src\Web\WebAPI\WebAPI.csproj", "{E85004BC-9428-4959-9A3A-7AB8CF61193E}"
EndProject
Global
	GlobalSection(SolutionConfigurationPlatforms) = preSolution
		Debug|Any CPU = Debug|Any CPU
		Release|Any CPU = Release|Any CPU
	EndGlobalSection
	GlobalSection(ProjectConfigurationPlatforms) = postSolution
		{7EC05442-43E6-4F2F-B880-65CFCAD34364}.Debug|Any CPU.ActiveCfg = Debug|Any CPU
		{7EC05442-43E6-4F2F-B880-65CFCAD34364}.Debug|Any CPU.Build.0 = Debug|Any CPU
		{7EC05442-43E6-4F2F-B880-65CFCAD34364}.Release|Any CPU.ActiveCfg = Release|Any CPU
		{7EC05442-43E6-4F2F-B880-65CFCAD34364}.Release|Any CPU.Build.0 = Release|Any CPU
		{0E04E841-470F-41D8-A72C-61B099942055}.Debug|Any CPU.ActiveCfg = Debug|Any CPU
		{0E04E841-470F-41D8-A72C-61B099942055}.Debug|Any CPU.Build.0 = Debug|Any CPU
		{0E04E841-470F-41D8-A72C-61B099942055}.Release|Any CPU.ActiveCfg = Release|Any CPU
		{0E04E841-470F-41D8-A72C-61B099942055}.Release|Any CPU.Build.0 = Release|Any CPU
		{9523BA47-ACD7-4451-B3B1-26CFFCD640DC}.Debug|Any CPU.ActiveCfg = Debug|Any CPU
		{9523BA47-ACD7-4451-B3B1-26CFFCD640DC}.Debug|Any CPU.Build.0 = Debug|Any CPU
		{9523BA47-ACD7-4451-B3B1-26CFFCD640DC}.Release|Any CPU.ActiveCfg = Release|Any CPU
		{9523BA47-ACD7-4451-B3B1-26CFFCD640DC}.Release|Any CPU.Build.0 = Release|Any CPU
		{737455D6-3D7A-4FFF-8A65-2293F18FDC2D}.Debug|Any CPU.ActiveCfg = Debug|Any CPU
		{737455D6-3D7A-4FFF-8A65-2293F18FDC2D}.Debug|Any CPU.Build.0 = Debug|Any CPU
		{737455D6-3D7A-4FFF-8A65-2293F18FDC2D}.Release|Any CPU.ActiveCfg = Release|Any CPU
		{737455D6-3D7A-4FFF-8A65-2293F18FDC2D}.Release|Any CPU.Build.0 = Release|Any CPU
		{E85004BC-9428-4959-9A3A-7AB8CF61193E}.Debug|Any CPU.ActiveCfg = Debug|Any CPU
		{E85004BC-9428-4959-9A3A-7AB8CF61193E}.Debug|Any CPU.Build.0 = Debug|Any CPU
		{E85004BC-9428-4959-9A3A-7AB8CF61193E}.Release|Any CPU.ActiveCfg = Release|Any CPU
		{E85004BC-9428-4959-9A3A-7AB8CF61193E}.Release|Any CPU.Build.0 = Release|Any CPU
	EndGlobalSection
	GlobalSection(NestedProjects) = preSolution
		{3BCEF310-5120-4916-A785-27CF1624D3D9} = {00713008-9703-49A6-8B77-A03DFDD6D676}
		{72336BD1-E4C5-4401-AB2E-6DDB032E2EF4} = {00713008-9703-49A6-8B77-A03DFDD6D676}
		{7EC05442-43E6-4F2F-B880-65CFCAD34364} = {3BCEF310-5120-4916-A785-27CF1624D3D9}
		{0E04E841-470F-41D8-A72C-61B099942055} = {3BCEF310-5120-4916-A785-27CF1624D3D9}
		{9523BA47-ACD7-4451-B3B1-26CFFCD640DC} = {72336BD1-E4C5-4401-AB2E-6DDB032E2EF4}
		{2D7C0D4F-E4C5-4300-9C3E-8CCE930CAD80} = {00713008-9703-49A6-8B77-A03DFDD6D676}
		{737455D6-3D7A-4FFF-8A65-2293F18FDC2D} = {72336BD1-E4C5-4401-AB2E-6DDB032E2EF4}
		{E85004BC-9428-4959-9A3A-7AB8CF61193E} = {2D7C0D4F-E4C5-4300-9C3E-8CCE930CAD80}
	EndGlobalSection
EndGlobal
